// !$*UTF8*$!
{
	archiveVersion = 1;
	classes = {
	};
	objectVersion = 56;
	objects = {

/* Begin PBXBuildFile section */
		6C85D14A292BC9F0008A3D37 /* Breakfast.swift in Sources */ = {isa = PBXBuildFile; fileRef = 6C85D149292BC9F0008A3D37 /* Breakfast.swift */; };
		6C85D14D292BD814008A3D37 /* Launch.swift in Sources */ = {isa = PBXBuildFile; fileRef = 6C85D14C292BD814008A3D37 /* Launch.swift */; };
		6C85D14F292BD81C008A3D37 /* Dinner.swift in Sources */ = {isa = PBXBuildFile; fileRef = 6C85D14E292BD81C008A3D37 /* Dinner.swift */; };
		6C85D151292BD824008A3D37 /* Snacks.swift in Sources */ = {isa = PBXBuildFile; fileRef = 6C85D150292BD824008A3D37 /* Snacks.swift */; };
		6C85D153292BDDFB008A3D37 /* Meal.swift in Sources */ = {isa = PBXBuildFile; fileRef = 6C85D152292BDDFB008A3D37 /* Meal.swift */; };
		6C85D157292E5EE2008A3D37 /* ProgressBar.swift in Sources */ = {isa = PBXBuildFile; fileRef = 6C85D156292E5EE2008A3D37 /* ProgressBar.swift */; };
		6CCC871B2927BBF500BC8C1D /* YAZIOnewApp.swift in Sources */ = {isa = PBXBuildFile; fileRef = 6CCC871A2927BBF500BC8C1D /* YAZIOnewApp.swift */; };
		6CCC871D2927BBF500BC8C1D /* ContentView.swift in Sources */ = {isa = PBXBuildFile; fileRef = 6CCC871C2927BBF500BC8C1D /* ContentView.swift */; };
		6CCC871F2927BBF500BC8C1D /* Assets.xcassets in Resources */ = {isa = PBXBuildFile; fileRef = 6CCC871E2927BBF500BC8C1D /* Assets.xcassets */; };
		6CCC87222927BBF500BC8C1D /* Preview Assets.xcassets in Resources */ = {isa = PBXBuildFile; fileRef = 6CCC87212927BBF500BC8C1D /* Preview Assets.xcassets */; };
		6CCC872D2927BF9400BC8C1D /* tab.swift in Sources */ = {isa = PBXBuildFile; fileRef = 6CCC872C2927BF9400BC8C1D /* tab.swift */; };
		6CCC872F2927D7CE00BC8C1D /* food.swift in Sources */ = {isa = PBXBuildFile; fileRef = 6CCC872E2927D7CE00BC8C1D /* food.swift */; };
/* End PBXBuildFile section */

/* Begin PBXFileReference section */
		6C85D149292BC9F0008A3D37 /* Breakfast.swift */ = {isa = PBXFileReference; lastKnownFileType = sourcecode.swift; path = Breakfast.swift; sourceTree = "<group>"; };
		6C85D14C292BD814008A3D37 /* Launch.swift */ = {isa = PBXFileReference; lastKnownFileType = sourcecode.swift; path = Launch.swift; sourceTree = "<group>"; };
		6C85D14E292BD81C008A3D37 /* Dinner.swift */ = {isa = PBXFileReference; lastKnownFileType = sourcecode.swift; path = Dinner.swift; sourceTree = "<group>"; };
		6C85D150292BD824008A3D37 /* Snacks.swift */ = {isa = PBXFileReference; lastKnownFileType = sourcecode.swift; path = Snacks.swift; sourceTree = "<group>"; };
		6C85D152292BDDFB008A3D37 /* Meal.swift */ = {isa = PBXFileReference; lastKnownFileType = sourcecode.swift; path = Meal.swift; sourceTree = "<group>"; };
		6C85D156292E5EE2008A3D37 /* ProgressBar.swift */ = {isa = PBXFileReference; lastKnownFileType = sourcecode.swift; path = ProgressBar.swift; sourceTree = "<group>"; };
		6CCC87172927BBF500BC8C1D /* YAZIOnew.app */ = {isa = PBXFileReference; explicitFileType = wrapper.application; includeInIndex = 0; path = YAZIOnew.app; sourceTree = BUILT_PRODUCTS_DIR; };
		6CCC871A2927BBF500BC8C1D /* YAZIOnewApp.swift */ = {isa = PBXFileReference; lastKnownFileType = sourcecode.swift; path = YAZIOnewApp.swift; sourceTree = "<group>"; };
		6CCC871C2927BBF500BC8C1D /* ContentView.swift */ = {isa = PBXFileReference; lastKnownFileType = sourcecode.swift; path = ContentView.swift; sourceTree = "<group>"; };
		6CCC871E2927BBF500BC8C1D /* Assets.xcassets */ = {isa = PBXFileReference; lastKnownFileType = folder.assetcatalog; path = Assets.xcassets; sourceTree = "<group>"; };
		6CCC87212927BBF500BC8C1D /* Preview Assets.xcassets */ = {isa = PBXFileReference; lastKnownFileType = folder.assetcatalog; path = "Preview Assets.xcassets"; sourceTree = "<group>"; };
		6CCC872C2927BF9400BC8C1D /* tab.swift */ = {isa = PBXFileReference; lastKnownFileType = sourcecode.swift; path = tab.swift; sourceTree = "<group>"; };
		6CCC872E2927D7CE00BC8C1D /* food.swift */ = {isa = PBXFileReference; lastKnownFileType = sourcecode.swift; path = food.swift; sourceTree = "<group>"; };
/* End PBXFileReference section */

/* Begin PBXFrameworksBuildPhase section */
		6CCC87142927BBF500BC8C1D /* Frameworks */ = {
			isa = PBXFrameworksBuildPhase;
			buildActionMask = 2147483647;
			files = (
			);
			runOnlyForDeploymentPostprocessing = 0;
		};
/* End PBXFrameworksBuildPhase section */

/* Begin PBXGroup section */
		6C85D14B292BCA63008A3D37 /* Pasti */ = {
			isa = PBXGroup;
			children = (
				6C85D149292BC9F0008A3D37 /* Breakfast.swift */,
				6C85D14C292BD814008A3D37 /* Launch.swift */,
				6C85D14E292BD81C008A3D37 /* Dinner.swift */,
				6C85D150292BD824008A3D37 /* Snacks.swift */,
			);
			path = Pasti;
			sourceTree = "<group>";
		};
		6CCC870E2927BBF500BC8C1D = {
			isa = PBXGroup;
			children = (
				6CCC87192927BBF500BC8C1D /* YAZIOnew */,
				6CCC87182927BBF500BC8C1D /* Products */,
			);
			sourceTree = "<group>";
		};
		6CCC87182927BBF500BC8C1D /* Products */ = {
			isa = PBXGroup;
			children = (
				6CCC87172927BBF500BC8C1D /* YAZIOnew.app */,
			);
			name = Products;
			sourceTree = "<group>";
		};
		6CCC87192927BBF500BC8C1D /* YAZIOnew */ = {
			isa = PBXGroup;
			children = (
				6C85D14B292BCA63008A3D37 /* Pasti */,
				6CCC871A2927BBF500BC8C1D /* YAZIOnewApp.swift */,
				6CCC871C2927BBF500BC8C1D /* ContentView.swift */,
				6CCC872C2927BF9400BC8C1D /* tab.swift */,
				6CCC872E2927D7CE00BC8C1D /* food.swift */,
				6C85D156292E5EE2008A3D37 /* ProgressBar.swift */,
				6CCC871E2927BBF500BC8C1D /* Assets.xcassets */,
				6CCC87202927BBF500BC8C1D /* Preview Content */,
				6C85D152292BDDFB008A3D37 /* Meal.swift */,
			);
			path = YAZIOnew;
			sourceTree = "<group>";
		};
		6CCC87202927BBF500BC8C1D /* Preview Content */ = {
			isa = PBXGroup;
			children = (
				6CCC87212927BBF500BC8C1D /* Preview Assets.xcassets */,
			);
			path = "Preview Content";
			sourceTree = "<group>";
		};
/* End PBXGroup section */

/* Begin PBXNativeTarget section */
		6CCC87162927BBF500BC8C1D /* YAZIOnew */ = {
			isa = PBXNativeTarget;
			buildConfigurationList = 6CCC87252927BBF500BC8C1D /* Build configuration list for PBXNativeTarget "YAZIOnew" */;
			buildPhases = (
				6CCC87132927BBF500BC8C1D /* Sources */,
				6CCC87142927BBF500BC8C1D /* Frameworks */,
				6CCC87152927BBF500BC8C1D /* Resources */,
			);
			buildRules = (
			);
			dependencies = (
			);
			name = YAZIOnew;
			productName = YAZIOnew;
			productReference = 6CCC87172927BBF500BC8C1D /* YAZIOnew.app */;
			productType = "com.apple.product-type.application";
		};
/* End PBXNativeTarget section */

/* Begin PBXProject section */
		6CCC870F2927BBF500BC8C1D /* Project object */ = {
			isa = PBXProject;
			attributes = {
				BuildIndependentTargetsInParallel = 1;
				LastSwiftUpdateCheck = 1400;
				LastUpgradeCheck = 1400;
				TargetAttributes = {
					6CCC87162927BBF500BC8C1D = {
						CreatedOnToolsVersion = 14.0;
					};
				};
			};
			buildConfigurationList = 6CCC87122927BBF500BC8C1D /* Build configuration list for PBXProject "YAZIOnew" */;
			compatibilityVersion = "Xcode 14.0";
			developmentRegion = en;
			hasScannedForEncodings = 0;
			knownRegions = (
				en,
				Base,
			);
			mainGroup = 6CCC870E2927BBF500BC8C1D;
			productRefGroup = 6CCC87182927BBF500BC8C1D /* Products */;
			projectDirPath = "";
			projectRoot = "";
			targets = (
				6CCC87162927BBF500BC8C1D /* YAZIOnew */,
			);
		};
/* End PBXProject section */

/* Begin PBXResourcesBuildPhase section */
		6CCC87152927BBF500BC8C1D /* Resources */ = {
			isa = PBXResourcesBuildPhase;
			buildActionMask = 2147483647;
			files = (
				6CCC87222927BBF500BC8C1D /* Preview Assets.xcassets in Resources */,
				6CCC871F2927BBF500BC8C1D /* Assets.xcassets in Resources */,
			);
			runOnlyForDeploymentPostprocessing = 0;
		};
/* End PBXResourcesBuildPhase section */

/* Begin PBXSourcesBuildPhase section */
		6CCC87132927BBF500BC8C1D /* Sources */ = {
			isa = PBXSourcesBuildPhase;
			buildActionMask = 2147483647;
			files = (
				6CCC871D2927BBF500BC8C1D /* ContentView.swift in Sources */,
				6CCC872F2927D7CE00BC8C1D /* food.swift in Sources */,
				6C85D151292BD824008A3D37 /* Snacks.swift in Sources */,
				6C85D14A292BC9F0008A3D37 /* Breakfast.swift in Sources */,
				6C85D153292BDDFB008A3D37 /* Meal.swift in Sources */,
				6CCC871B2927BBF500BC8C1D /* YAZIOnewApp.swift in Sources */,
				6C85D14D292BD814008A3D37 /* Launch.swift in Sources */,
				6C85D14F292BD81C008A3D37 /* Dinner.swift in Sources */,
				6C85D157292E5EE2008A3D37 /* ProgressBar.swift in Sources */,
				6CCC872D2927BF9400BC8C1D /* tab.swift in Sources */,
			);
			runOnlyForDeploymentPostprocessing = 0;
		};
/* End PBXSourcesBuildPhase section */

/* Begin XCBuildConfiguration section */
		6CCC87232927BBF500BC8C1D /* Debug */ = {
			isa = XCBuildConfiguration;
			buildSettings = {
				ALWAYS_SEARCH_USER_PATHS = NO;
				CLANG_ANALYZER_NONNULL = YES;
				CLANG_ANALYZER_NUMBER_OBJECT_CONVERSION = YES_AGGRESSIVE;
				CLANG_CXX_LANGUAGE_STANDARD = "gnu++20";
				CLANG_ENABLE_MODULES = YES;
				CLANG_ENABLE_OBJC_ARC = YES;
				CLANG_ENABLE_OBJC_WEAK = YES;
				CLANG_WARN_BLOCK_CAPTURE_AUTORELEASING = YES;
				CLANG_WARN_BOOL_CONVERSION = YES;
				CLANG_WARN_COMMA = YES;
				CLANG_WARN_CONSTANT_CONVERSION = YES;
				CLANG_WARN_DEPRECATED_OBJC_IMPLEMENTATIONS = YES;
				CLANG_WARN_DIRECT_OBJC_ISA_USAGE = YES_ERROR;
				CLANG_WARN_DOCUMENTATION_COMMENTS = YES;
				CLANG_WARN_EMPTY_BODY = YES;
				CLANG_WARN_ENUM_CONVERSION = YES;
				CLANG_WARN_INFINITE_RECURSION = YES;
				CLANG_WARN_INT_CONVERSION = YES;
				CLANG_WARN_NON_LITERAL_NULL_CONVERSION = YES;
				CLANG_WARN_OBJC_IMPLICIT_RETAIN_SELF = YES;
				CLANG_WARN_OBJC_LITERAL_CONVERSION = YES;
				CLANG_WARN_OBJC_ROOT_CLASS = YES_ERROR;
				CLANG_WARN_QUOTED_INCLUDE_IN_FRAMEWORK_HEADER = YES;
				CLANG_WARN_RANGE_LOOP_ANALYSIS = YES;
				CLANG_WARN_STRICT_PROTOTYPES = YES;
				CLANG_WARN_SUSPICIOUS_MOVE = YES;
				CLANG_WARN_UNGUARDED_AVAILABILITY = YES_AGGRESSIVE;
				CLANG_WARN_UNREACHABLE_CODE = YES;
				CLANG_WARN__DUPLICATE_METHOD_MATCH = YES;
				COPY_PHASE_STRIP = NO;
				DEBUG_INFORMATION_FORMAT = dwarf;
				ENABLE_STRICT_OBJC_MSGSEND = YES;
				ENABLE_TESTABILITY = YES;
				GCC_C_LANGUAGE_STANDARD = gnu11;
				GCC_DYNAMIC_NO_PIC = NO;
				GCC_NO_COMMON_BLOCKS = YES;
				GCC_OPTIMIZATION_LEVEL = 0;
				GCC_PREPROCESSOR_DEFINITIONS = (
					"DEBUG=1",
					"$(inherited)",
				);
				GCC_WARN_64_TO_32_BIT_CONVERSION = YES;
				GCC_WARN_ABOUT_RETURN_TYPE = YES_ERROR;
				GCC_WARN_UNDECLARED_SELECTOR = YES;
				GCC_WARN_UNINITIALIZED_AUTOS = YES_AGGRESSIVE;
				GCC_WARN_UNUSED_FUNCTION = YES;
				GCC_WARN_UNUSED_VARIABLE = YES;
				IPHONEOS_DEPLOYMENT_TARGET = 16.0;
				MTL_ENABLE_DEBUG_INFO = INCLUDE_SOURCE;
				MTL_FAST_MATH = YES;
				ONLY_ACTIVE_ARCH = YES;
				SDKROOT = iphoneos;
				SWIFT_ACTIVE_COMPILATION_CONDITIONS = DEBUG;
				SWIFT_OPTIMIZATION_LEVEL = "-Onone";
			};
			name = Debug;
		};
		6CCC87242927BBF500BC8C1D /* Release */ = {
			isa = XCBuildConfiguration;
			buildSettings = {
				ALWAYS_SEARCH_USER_PATHS = NO;
				CLANG_ANALYZER_NONNULL = YES;
				CLANG_ANALYZER_NUMBER_OBJECT_CONVERSION = YES_AGGRESSIVE;
				CLANG_CXX_LANGUAGE_STANDARD = "gnu++20";
				CLANG_ENABLE_MODULES = YES;
				CLANG_ENABLE_OBJC_ARC = YES;
				CLANG_ENABLE_OBJC_WEAK = YES;
				CLANG_WARN_BLOCK_CAPTURE_AUTORELEASING = YES;
				CLANG_WARN_BOOL_CONVERSION = YES;
				CLANG_WARN_COMMA = YES;
				CLANG_WARN_CONSTANT_CONVERSION = YES;
				CLANG_WARN_DEPRECATED_OBJC_IMPLEMENTATIONS = YES;
				CLANG_WARN_DIRECT_OBJC_ISA_USAGE = YES_ERROR;
				CLANG_WARN_DOCUMENTATION_COMMENTS = YES;
				CLANG_WARN_EMPTY_BODY = YES;
				CLANG_WARN_ENUM_CONVERSION = YES;
				CLANG_WARN_INFINITE_RECURSION = YES;
				CLANG_WARN_INT_CONVERSION = YES;
				CLANG_WARN_NON_LITERAL_NULL_CONVERSION = YES;
				CLANG_WARN_OBJC_IMPLICIT_RETAIN_SELF = YES;
				CLANG_WARN_OBJC_LITERAL_CONVERSION = YES;
				CLANG_WARN_OBJC_ROOT_CLASS = YES_ERROR;
				CLANG_WARN_QUOTED_INCLUDE_IN_FRAMEWORK_HEADER = YES;
				CLANG_WARN_RANGE_LOOP_ANALYSIS = YES;
				CLANG_WARN_STRICT_PROTOTYPES = YES;
				CLANG_WARN_SUSPICIOUS_MOVE = YES;
				CLANG_WARN_UNGUARDED_AVAILABILITY = YES_AGGRESSIVE;
				CLANG_WARN_UNREACHABLE_CODE = YES;
				CLANG_WARN__DUPLICATE_METHOD_MATCH = YES;
				COPY_PHASE_STRIP = NO;
				DEBUG_INFORMATION_FORMAT = "dwarf-with-dsym";
				ENABLE_NS_ASSERTIONS = NO;
				ENABLE_STRICT_OBJC_MSGSEND = YES;
				GCC_C_LANGUAGE_STANDARD = gnu11;
				GCC_NO_COMMON_BLOCKS = YES;
				GCC_WARN_64_TO_32_BIT_CONVERSION = YES;
				GCC_WARN_ABOUT_RETURN_TYPE = YES_ERROR;
				GCC_WARN_UNDECLARED_SELECTOR = YES;
				GCC_WARN_UNINITIALIZED_AUTOS = YES_AGGRESSIVE;
				GCC_WARN_UNUSED_FUNCTION = YES;
				GCC_WARN_UNUSED_VARIABLE = YES;
				IPHONEOS_DEPLOYMENT_TARGET = 16.0;
				MTL_ENABLE_DEBUG_INFO = NO;
				MTL_FAST_MATH = YES;
				SDKROOT = iphoneos;
				SWIFT_COMPILATION_MODE = wholemodule;
				SWIFT_OPTIMIZATION_LEVEL = "-O";
				VALIDATE_PRODUCT = YES;
			};
			name = Release;
		};
		6CCC87262927BBF500BC8C1D /* Debug */ = {
			isa = XCBuildConfiguration;
			buildSettings = {
				ASSETCATALOG_COMPILER_APPICON_NAME = AppIcon;
				ASSETCATALOG_COMPILER_GLOBAL_ACCENT_COLOR_NAME = AccentColor;
				CODE_SIGN_STYLE = Automatic;
				CURRENT_PROJECT_VERSION = 1;
				DEVELOPMENT_ASSET_PATHS = "\"YAZIOnew/Preview Content\"";
				ENABLE_PREVIEWS = YES;
				GENERATE_INFOPLIST_FILE = YES;
				INFOPLIST_KEY_UIApplicationSceneManifest_Generation = YES;
				INFOPLIST_KEY_UIApplicationSupportsIndirectInputEvents = YES;
				INFOPLIST_KEY_UILaunchScreen_Generation = YES;
				INFOPLIST_KEY_UISupportedInterfaceOrientations_iPad = "UIInterfaceOrientationPortrait UIInterfaceOrientationPortraitUpsideDown UIInterfaceOrientationLandscapeLeft UIInterfaceOrientationLandscapeRight";
				INFOPLIST_KEY_UISupportedInterfaceOrientations_iPhone = "UIInterfaceOrientationPortrait UIInterfaceOrientationLandscapeLeft UIInterfaceOrientationLandscapeRight";
				LD_RUNPATH_SEARCH_PATHS = (
					"$(inherited)",
					"@executable_path/Frameworks",
				);
				MARKETING_VERSION = 1.0;
				PRODUCT_BUNDLE_IDENTIFIER = "-.YAZIOnew";
				PRODUCT_NAME = "$(TARGET_NAME)";
				SWIFT_EMIT_LOC_STRINGS = YES;
				SWIFT_VERSION = 5.0;
				TARGETED_DEVICE_FAMILY = "1,2";
			};
			name = Debug;
		};
		6CCC87272927BBF500BC8C1D /* Release */ = {
			isa = XCBuildConfiguration;
			buildSettings = {
				ASSETCATALOG_COMPILER_APPICON_NAME = AppIcon;
				ASSETCATALOG_COMPILER_GLOBAL_ACCENT_COLOR_NAME = AccentColor;
				CODE_SIGN_STYLE = Automatic;
				CURRENT_PROJECT_VERSION = 1;
				DEVELOPMENT_ASSET_PATHS = "\"YAZIOnew/Preview Content\"";
				ENABLE_PREVIEWS = YES;
				GENERATE_INFOPLIST_FILE = YES;
				INFOPLIST_KEY_UIApplicationSceneManifest_Generation = YES;
				INFOPLIST_KEY_UIApplicationSupportsIndirectInputEvents = YES;
				INFOPLIST_KEY_UILaunchScreen_Generation = YES;
				INFOPLIST_KEY_UISupportedInterfaceOrientations_iPad = "UIInterfaceOrientationPortrait UIInterfaceOrientationPortraitUpsideDown UIInterfaceOrientationLandscapeLeft UIInterfaceOrientationLandscapeRight";
				INFOPLIST_KEY_UISupportedInterfaceOrientations_iPhone = "UIInterfaceOrientationPortrait UIInterfaceOrientationLandscapeLeft UIInterfaceOrientationLandscapeRight";
				LD_RUNPATH_SEARCH_PATHS = (
					"$(inherited)",
					"@executable_path/Frameworks",
				);
				MARKETING_VERSION = 1.0;
				PRODUCT_BUNDLE_IDENTIFIER = "-.YAZIOnew";
				PRODUCT_NAME = "$(TARGET_NAME)";
				SWIFT_EMIT_LOC_STRINGS = YES;
				SWIFT_VERSION = 5.0;
				TARGETED_DEVICE_FAMILY = "1,2";
			};
			name = Release;
		};
/* End XCBuildConfiguration section */

/* Begin XCConfigurationList section */
		6CCC87122927BBF500BC8C1D /* Build configuration list for PBXProject "YAZIOnew" */ = {
			isa = XCConfigurationList;
			buildConfigurations = (
				6CCC87232927BBF500BC8C1D /* Debug */,
				6CCC87242927BBF500BC8C1D /* Release */,
			);
			defaultConfigurationIsVisible = 0;
			defaultConfigurationName = Release;
		};
		6CCC87252927BBF500BC8C1D /* Build configuration list for PBXNativeTarget "YAZIOnew" */ = {
			isa = XCConfigurationList;
			buildConfigurations = (
				6CCC87262927BBF500BC8C1D /* Debug */,
				6CCC87272927BBF500BC8C1D /* Release */,
			);
			defaultConfigurationIsVisible = 0;
			defaultConfigurationName = Release;
		};
/* End XCConfigurationList section */
	};
	rootObject = 6CCC870F2927BBF500BC8C1D /* Project object */;
}
